Microsoft Visual Studio Solution File, Format Version 12.00
# Visual Studio Version 17
VisualStudioVersion = 17.5.2.0
MinimumVisualStudioVersion = 10.0.40219.1
Project("{FAE04EC0-301F-11D3-BF4B-00C04F79EFBC}") = "code_one_support", "code_one_support\code_one_support.csproj", "{74EF8C18-736D-C3AB-8545-5F3321BFF382}"
EndProject
Global
	GlobalSection(SolutionConfigurationPlatforms) = preSolution
		Debug|Any CPU = Debug|Any CPU
		Release|Any CPU = Release|Any CPU
	EndGlobalSection
	GlobalSection(ProjectConfigurationPlatforms) = postSolution
		{74EF8C18-736D-C3AB-8545-5F3321BFF382}.Debug|Any CPU.ActiveCfg = Debug|Any CPU
		{74EF8C18-736D-C3AB-8545-5F3321BFF382}.Debug|Any CPU.Build.0 = Debug|Any CPU
		{74EF8C18-736D-C3AB-8545-5F3321BFF382}.Release|Any CPU.ActiveCfg = Release|Any CPU
		{74EF8C18-736D-C3AB-8545-5F3321BFF382}.Release|Any CPU.Build.0 = Release|Any CPU
	EndGlobalSection
	GlobalSection(SolutionProperties) = preSolution
		HideSolutionNode = FALSE
	EndGlobalSection
	GlobalSection(ExtensibilityGlobals) = postSolution
		SolutionGuid = {E4468C9C-CE6A-4D05-B03F-976144ACAEB9}
	EndGlobalSection
EndGlobal
